<?xml version="1.0" encoding="utf-8"?>
<Project ToolsVersion="4.0" xmlns="http://schemas.microsoft.com/developer/msbuild/2003">
  <ItemGroup>
    <Filter Include="Common">
      <UniqueIdentifier>{79bae488-39c4-4741-beda-1e2ee6428bed}</UniqueIdentifier>
    </Filter>
    <Filter Include="AviUtl">
      <UniqueIdentifier>{4d2e4585-d04a-4741-b8f7-db9c25dac0e5}</UniqueIdentifier>
    </Filter>
    <Filter Include="AviUtl\aulslib">
      <UniqueIdentifier>{c0a3bd81-3571-465f-9341-fcee23d62034}</UniqueIdentifier>
    </Filter>
  </ItemGroup>
  <ItemGroup>
    <ClInclude Include="pch.h" />
    <ClInclude Include="..\Common\MyTracer.h">
      <Filter>Common</Filter>
    </ClInclude>
    <ClInclude Include="ShowWaveform.h" />
    <ClInclude Include="..\AviUtl\aulslib\aviutl.h">
      <Filter>AviUtl\aulslib</Filter>
    </ClInclude>
    <ClInclude Include="..\AviUtl\aulslib\exedit.h">
      <Filter>AviUtl\aulslib</Filter>
    </ClInclude>
    <ClInclude Include="..\AviUtl\aulslib\lua.h">
      <Filter>AviUtl\aulslib</Filter>
    </ClInclude>
    <ClInclude Include="..\AviUtl\aulslib\memref.h">
      <Filter>AviUtl\aulslib</Filter>
    </ClInclude>
    <ClInclude Include="..\AviUtl\aulslib\memref2.h">
      <Filter>AviUtl\aulslib</Filter>
    </ClInclude>
    <ClInclude Include="..\Common\Profile.h">
      <Filter>Common</Filter>
    </ClInclude>
  </ItemGroup>
  <ItemGroup>
    <ClCompile Include="pch.cpp" />
    <ClCompile Include="ShowWaveform.cpp" />
    <ClCompile Include="ShowWaveform_Filter.cpp" />
  </ItemGroup>
</Project>