<?xml version="1.0" encoding="utf-8"?>
<Project ToolsVersion="4.0" xmlns="http://schemas.microsoft.com/developer/msbuild/2003">
  <ItemGroup>
    <Filter Include="Common">
      <UniqueIdentifier>{79bae488-39c4-4741-beda-1e2ee6428bed}</UniqueIdentifier>
    </Filter>
    <Filter Include="Framework">
      <UniqueIdentifier>{d8bd7764-ca8e-4dc1-8b9e-3ae1918c9bb9}</UniqueIdentifier>
    </Filter>
    <Filter Include="Resource">
      <UniqueIdentifier>{b0df70ad-6fbb-43ea-acf0-034e4025bc3b}</UniqueIdentifier>
    </Filter>
  </ItemGroup>
  <ItemGroup>
    <ClInclude Include="ShowWaveform.h" />
    <ClInclude Include="..\..\Common\AviUtlInternal.h">
      <Filter>Common</Filter>
    </ClInclude>
    <ClInclude Include="..\..\Common\Hook.h">
      <Filter>Common</Filter>
    </ClInclude>
    <ClInclude Include="..\..\Common\Profile.h">
      <Filter>Common</Filter>
    </ClInclude>
    <ClInclude Include="..\..\Common\Tracer.h">
      <Filter>Common</Filter>
    </ClInclude>
    <ClInclude Include="FileCache.h" />
    <ClInclude Include="App.h" />
    <ClInclude Include="ItemCache.h" />
    <ClInclude Include="pch.h">
      <Filter>Framework</Filter>
    </ClInclude>
    <ClInclude Include="Share.h" />
    <ClInclude Include="SubProcess.h" />
    <ClInclude Include="SubThread.h" />
    <ClInclude Include="resource.h">
      <Filter>Resource</Filter>
    </ClInclude>
    <ClInclude Include="..\..\Common\Dialog.h">
      <Filter>Common</Filter>
    </ClInclude>
    <ClInclude Include="MainDialog.h" />
  </ItemGroup>
  <ItemGroup>
    <ClCompile Include="ShowWaveform.cpp" />
    <ClCompile Include="FileCache.cpp" />
    <ClCompile Include="App.cpp" />
    <ClCompile Include="ItemCache.cpp" />
    <ClCompile Include="pch.cpp">
      <Filter>Framework</Filter>
    </ClCompile>
    <ClCompile Include="SubProcess.cpp" />
    <ClCompile Include="SubThread.cpp" />
    <ClCompile Include="MainDialog.cpp" />
  </ItemGroup>
  <ItemGroup>
    <None Include="ShowWaveform.def">
      <Filter>Framework</Filter>
    </None>
  </ItemGroup>
  <ItemGroup>
    <ResourceCompile Include="ShowWaveform.rc">
      <Filter>Resource</Filter>
    </ResourceCompile>
  </ItemGroup>
</Project>