<?xml version="1.0" encoding="utf-8"?>
<Project ToolsVersion="4.0" xmlns="http://schemas.microsoft.com/developer/msbuild/2003">
  <ItemGroup>
    <Filter Include="Framework">
      <UniqueIdentifier>{b2b8b579-a036-4aeb-aa10-399e689a71f3}</UniqueIdentifier>
    </Filter>
  </ItemGroup>
  <ItemGroup>
    <ClInclude Include="pch.h">
      <Filter>Framework</Filter>
    </ClInclude>
    <ClInclude Include="framework.h">
      <Filter>Framework</Filter>
    </ClInclude>
    <ClInclude Include="targetver.h">
      <Filter>Framework</Filter>
    </ClInclude>
    <ClInclude Include="OutProcess.h" />
    <ClInclude Include="MainWindow.h" />
    <ClInclude Include="Design.h" />
    <ClInclude Include="Mode.h" />
  </ItemGroup>
  <ItemGroup>
    <ClCompile Include="pch.cpp">
      <Filter>Framework</Filter>
    </ClCompile>
    <ClCompile Include="OutProcess.cpp" />
    <ClCompile Include="MainWindow.cpp" />
    <ClCompile Include="MainWindow_Config.cpp" />
    <ClCompile Include="MainWindow_Paint.cpp" />
    <ClCompile Include="Design.cpp" />
    <ClCompile Include="MainWindow_OpenGL.cpp" />
    <ClCompile Include="MainWindow_Waveform.cpp" />
    <ClCompile Include="MainWindow_Mouse.cpp" />
    <ClCompile Include="MainWindow_Reader.cpp" />
    <ClCompile Include="MainWindow_Waiter.cpp" />
    <ClCompile Include="MainWindow_Layout.cpp" />
    <ClCompile Include="Mode_RMS.cpp" />
    <ClCompile Include="Mode.cpp" />
    <ClCompile Include="Mode_Min.cpp" />
    <ClCompile Include="Mode_Both.cpp" />
    <ClCompile Include="Mode_Max.cpp" />
  </ItemGroup>
</Project>