<?xml version="1.0" encoding="utf-8"?>
<Project ToolsVersion="4.0" xmlns="http://schemas.microsoft.com/developer/msbuild/2003">
  <ItemGroup>
    <Filter Include="Framework">
      <UniqueIdentifier>{b2b8b579-a036-4aeb-aa10-399e689a71f3}</UniqueIdentifier>
    </Filter>
    <Filter Include="Resource">
      <UniqueIdentifier>{639143d2-2767-4514-ba40-4e8535d9fa7e}</UniqueIdentifier>
    </Filter>
  </ItemGroup>
  <ItemGroup>
    <ClInclude Include="pch.h">
      <Filter>Framework</Filter>
    </ClInclude>
    <ClInclude Include="framework.h">
      <Filter>Framework</Filter>
    </ClInclude>
    <ClInclude Include="targetver.h">
      <Filter>Framework</Filter>
    </ClInclude>
    <ClInclude Include="OutProcess.h" />
    <ClInclude Include="MainWindow.h" />
    <ClInclude Include="Design.h" />
    <ClInclude Include="Mode.h" />
    <ClInclude Include="resource.h">
      <Filter>Resource</Filter>
    </ClInclude>
    <ClInclude Include="App.h" />
    <ClInclude Include="ReaderManager.h" />
    <ClInclude Include="WaiterManager.h" />
    <ClInclude Include="CacheManager.h" />
    <ClInclude Include="MainDialog.h" />
  </ItemGroup>
  <ItemGroup>
    <ClCompile Include="pch.cpp">
      <Filter>Framework</Filter>
    </ClCompile>
    <ClCompile Include="OutProcess.cpp" />
    <ClCompile Include="MainWindow.cpp" />
    <ClCompile Include="MainWindow_Config.cpp" />
    <ClCompile Include="MainWindow_Paint.cpp" />
    <ClCompile Include="Design.cpp" />
    <ClCompile Include="MainWindow_OpenGL.cpp" />
    <ClCompile Include="MainWindow_Mouse.cpp" />
    <ClCompile Include="MainWindow_Layout.cpp" />
    <ClCompile Include="Mode_RMS.cpp" />
    <ClCompile Include="Mode.cpp" />
    <ClCompile Include="App.cpp" />
    <ClCompile Include="ReaderManager.cpp" />
    <ClCompile Include="WaiterManager.cpp" />
    <ClCompile Include="CacheManager.cpp" />
    <ClCompile Include="App_Waveform.cpp" />
    <ClCompile Include="MainDialog.cpp" />
    <ClCompile Include="Mode_BottomUp.cpp" />
    <ClCompile Include="Mode_Center.cpp" />
    <ClCompile Include="Mode_TopDown.cpp" />
  </ItemGroup>
  <ItemGroup>
    <ResourceCompile Include="OutProcess.rc">
      <Filter>Resource</Filter>
    </ResourceCompile>
  </ItemGroup>
</Project>